
Microsoft Visual Studio Solution File, Format Version 12.00
# Visual Studio Version 16
VisualStudioVersion = 16.0.32901.82
MinimumVisualStudioVersion = 10.0.40219.1
Project("{9A19103F-16F7-4668-BE54-9A1E7A4F7556}") = "UnitTests", "..\Triangle.Test\UnitTests.csproj", "{5CD1E8BB-6A6F-4390-912D-2CB689398CC8}"
EndProject
Project("{FAE04EC0-301F-11D3-BF4B-00C04F79EFBC}") = "MindboxTest", "MindboxTest.csproj", "{3280499A-C1FD-4A89-820A-83AA96DBC3C3}"
EndProject
Global
	GlobalSection(SolutionConfigurationPlatforms) = preSolution
		Debug|Any CPU = Debug|Any CPU
		Release|Any CPU = Release|Any CPU
	EndGlobalSection
	GlobalSection(ProjectConfigurationPlatforms) = postSolution
		{5CD1E8BB-6A6F-4390-912D-2CB689398CC8}.Debug|Any CPU.ActiveCfg = Debug|Any CPU
		{5CD1E8BB-6A6F-4390-912D-2CB689398CC8}.Debug|Any CPU.Build.0 = Debug|Any CPU
		{5CD1E8BB-6A6F-4390-912D-2CB689398CC8}.Release|Any CPU.ActiveCfg = Release|Any CPU
		{5CD1E8BB-6A6F-4390-912D-2CB689398CC8}.Release|Any CPU.Build.0 = Release|Any CPU
		{3280499A-C1FD-4A89-820A-83AA96DBC3C3}.Debug|Any CPU.ActiveCfg = Debug|Any CPU
		{3280499A-C1FD-4A89-820A-83AA96DBC3C3}.Debug|Any CPU.Build.0 = Debug|Any CPU
		{3280499A-C1FD-4A89-820A-83AA96DBC3C3}.Release|Any CPU.ActiveCfg = Release|Any CPU
		{3280499A-C1FD-4A89-820A-83AA96DBC3C3}.Release|Any CPU.Build.0 = Release|Any CPU
	EndGlobalSection
	GlobalSection(SolutionProperties) = preSolution
		HideSolutionNode = FALSE
	EndGlobalSection
	GlobalSection(ExtensibilityGlobals) = postSolution
		SolutionGuid = {69B5A297-4B1B-4EE5-912F-1C054E6525C8}
	EndGlobalSection
EndGlobal
