
Microsoft Visual Studio Solution File, Format Version 12.00
# Visual Studio Version 16
VisualStudioVersion = 16.0.32901.82
MinimumVisualStudioVersion = 10.0.40219.1
Project("{FAE04EC0-301F-11D3-BF4B-00C04F79EFBC}") = "MindboxTest", "MindboxTest\MindboxTest.csproj", "{3280499A-C1FD-4A89-820A-83AA96DBC3C3}"
EndProject
Project("{9A19103F-16F7-4668-BE54-9A1E7A4F7556}") = "UnitTests", "Triangle.Test\UnitTests.csproj", "{8D62E39F-3A3D-41E6-A115-1B0CFD741FB7}"
EndProject
Global
	GlobalSection(SolutionConfigurationPlatforms) = preSolution
		Debug|Any CPU = Debug|Any CPU
		Release|Any CPU = Release|Any CPU
	EndGlobalSection
	GlobalSection(ProjectConfigurationPlatforms) = postSolution
		{3280499A-C1FD-4A89-820A-83AA96DBC3C3}.Debug|Any CPU.ActiveCfg = Debug|Any CPU
		{3280499A-C1FD-4A89-820A-83AA96DBC3C3}.Debug|Any CPU.Build.0 = Debug|Any CPU
		{3280499A-C1FD-4A89-820A-83AA96DBC3C3}.Release|Any CPU.ActiveCfg = Release|Any CPU
		{3280499A-C1FD-4A89-820A-83AA96DBC3C3}.Release|Any CPU.Build.0 = Release|Any CPU
		{8D62E39F-3A3D-41E6-A115-1B0CFD741FB7}.Debug|Any CPU.ActiveCfg = Debug|Any CPU
		{8D62E39F-3A3D-41E6-A115-1B0CFD741FB7}.Debug|Any CPU.Build.0 = Debug|Any CPU
		{8D62E39F-3A3D-41E6-A115-1B0CFD741FB7}.Release|Any CPU.ActiveCfg = Release|Any CPU
		{8D62E39F-3A3D-41E6-A115-1B0CFD741FB7}.Release|Any CPU.Build.0 = Release|Any CPU
	EndGlobalSection
	GlobalSection(SolutionProperties) = preSolution
		HideSolutionNode = FALSE
	EndGlobalSection
	GlobalSection(ExtensibilityGlobals) = postSolution
		SolutionGuid = {4C8FE2B8-403C-44C9-82F1-6842B4EC97B4}
	EndGlobalSection
EndGlobal
